
Microsoft Visual Studio Solution File, Format Version 12.00
# Visual Studio Version 17
VisualStudioVersion = 17.4.33110.190
MinimumVisualStudioVersion = 10.0.40219.1
Project("{FAE04EC0-301F-11D3-BF4B-00C04F79EFBC}") = "ProiectASP", "ProiectASP\ProiectASP.csproj", "{9CE11F02-1BFC-46F6-9427-C45B0D6B1E4A}"
EndProject
Global
	GlobalSection(SolutionConfigurationPlatforms) = preSolution
		Debug|Any CPU = Debug|Any CPU
		Release|Any CPU = Release|Any CPU
	EndGlobalSection
	GlobalSection(ProjectConfigurationPlatforms) = postSolution
		{9CE11F02-1BFC-46F6-9427-C45B0D6B1E4A}.Debug|Any CPU.ActiveCfg = Debug|Any CPU
		{9CE11F02-1BFC-46F6-9427-C45B0D6B1E4A}.Debug|Any CPU.Build.0 = Debug|Any CPU
		{9CE11F02-1BFC-46F6-9427-C45B0D6B1E4A}.Release|Any CPU.ActiveCfg = Release|Any CPU
		{9CE11F02-1BFC-46F6-9427-C45B0D6B1E4A}.Release|Any CPU.Build.0 = Release|Any CPU
	EndGlobalSection
	GlobalSection(SolutionProperties) = preSolution
		HideSolutionNode = FALSE
	EndGlobalSection
	GlobalSection(ExtensibilityGlobals) = postSolution
		SolutionGuid = {B093FDC7-E11A-4752-8841-24BA4F0D4130}
	EndGlobalSection
EndGlobal
